
Microsoft Visual Studio Solution File, Format Version 12.00
# Visual Studio Version 16
VisualStudioVersion = 16.0.29519.87
MinimumVisualStudioVersion = 10.0.40219.1
Project("{FAE04EC0-301F-11D3-BF4B-00C04F79EFBC}") = "basicosCSharp", "basicosCSharp.csproj", "{B77A84E1-816A-429C-9006-D8AC830E25F3}"
EndProject
Global
	GlobalSection(SolutionConfigurationPlatforms) = preSolution
		Debug|Any CPU = Debug|Any CPU
		Release|Any CPU = Release|Any CPU
	EndGlobalSection
	GlobalSection(ProjectConfigurationPlatforms) = postSolution
		{B77A84E1-816A-429C-9006-D8AC830E25F3}.Debug|Any CPU.ActiveCfg = Debug|Any CPU
		{B77A84E1-816A-429C-9006-D8AC830E25F3}.Debug|Any CPU.Build.0 = Debug|Any CPU
		{B77A84E1-816A-429C-9006-D8AC830E25F3}.Release|Any CPU.ActiveCfg = Release|Any CPU
		{B77A84E1-816A-429C-9006-D8AC830E25F3}.Release|Any CPU.Build.0 = Release|Any CPU
	EndGlobalSection
	GlobalSection(SolutionProperties) = preSolution
		HideSolutionNode = FALSE
	EndGlobalSection
	GlobalSection(ExtensibilityGlobals) = postSolution
		SolutionGuid = {BDAB3D73-B8D9-465A-BB74-517BD806ADF3}
	EndGlobalSection
EndGlobal
